
Microsoft Visual Studio Solution File, Format Version 12.00
# Visual Studio Version 16
VisualStudioVersion = 16.0.30225.117
MinimumVisualStudioVersion = 10.0.40219.1
Project("{FAE04EC0-301F-11D3-BF4B-00C04F79EFBC}") = "Dominoes", "Dominoes\Dominoes.csproj", "{64E94F7C-5867-44DE-A9C4-DCED479388F3}"
EndProject
Global
	GlobalSection(SolutionConfigurationPlatforms) = preSolution
		Debug|Any CPU = Debug|Any CPU
		Release|Any CPU = Release|Any CPU
	EndGlobalSection
	GlobalSection(ProjectConfigurationPlatforms) = postSolution
		{64E94F7C-5867-44DE-A9C4-DCED479388F3}.Debug|Any CPU.ActiveCfg = Debug|Any CPU
		{64E94F7C-5867-44DE-A9C4-DCED479388F3}.Debug|Any CPU.Build.0 = Debug|Any CPU
		{64E94F7C-5867-44DE-A9C4-DCED479388F3}.Release|Any CPU.ActiveCfg = Release|Any CPU
		{64E94F7C-5867-44DE-A9C4-DCED479388F3}.Release|Any CPU.Build.0 = Release|Any CPU
	EndGlobalSection
	GlobalSection(SolutionProperties) = preSolution
		HideSolutionNode = FALSE
	EndGlobalSection
	GlobalSection(ExtensibilityGlobals) = postSolution
		SolutionGuid = {047B9BB7-4A7A-4389-87A2-D43D0857D1EA}
	EndGlobalSection
EndGlobal
